
Microsoft Visual Studio Solution File, Format Version 12.00
# Visual Studio Version 16
VisualStudioVersion = 16.0.29519.181
MinimumVisualStudioVersion = 10.0.40219.1
Project("{FAE04EC0-301F-11D3-BF4B-00C04F79EFBC}") = "Calculator", "Calculator.csproj", "{BCAEED94-9135-45B4-8C3C-A5C57C4D6A34}"
EndProject
Global
	GlobalSection(SolutionConfigurationPlatforms) = preSolution
		Debug|Any CPU = Debug|Any CPU
		Release|Any CPU = Release|Any CPU
	EndGlobalSection
	GlobalSection(ProjectConfigurationPlatforms) = postSolution
		{BCAEED94-9135-45B4-8C3C-A5C57C4D6A34}.Debug|Any CPU.ActiveCfg = Debug|Any CPU
		{BCAEED94-9135-45B4-8C3C-A5C57C4D6A34}.Debug|Any CPU.Build.0 = Debug|Any CPU
		{BCAEED94-9135-45B4-8C3C-A5C57C4D6A34}.Release|Any CPU.ActiveCfg = Release|Any CPU
		{BCAEED94-9135-45B4-8C3C-A5C57C4D6A34}.Release|Any CPU.Build.0 = Release|Any CPU
	EndGlobalSection
	GlobalSection(SolutionProperties) = preSolution
		HideSolutionNode = FALSE
	EndGlobalSection
	GlobalSection(ExtensibilityGlobals) = postSolution
		SolutionGuid = {C8FB37CE-1C19-4E97-AAC1-EE662380FEB3}
	EndGlobalSection
EndGlobal
